// !$*UTF8*$!
{
	archiveVersion = 1;
	classes = {
	};
	objectVersion = 56;
	objects = {

/* Begin PBXBuildFile section */
		1D0467F62A36C43700AC17D5 /* MemoryLaneView.swift in Sources */ = {isa = PBXBuildFile; fileRef = 1D0467F52A36C43700AC17D5 /* MemoryLaneView.swift */; };
		1D0467F82A36C46100AC17D5 /* ScrollMood.swift in Sources */ = {isa = PBXBuildFile; fileRef = 1D0467F72A36C46100AC17D5 /* ScrollMood.swift */; };
		1D0467FA2A36C46500AC17D5 /* MemoryLaneView+MoodEntryCardView.swift in Sources */ = {isa = PBXBuildFile; fileRef = 1D0467F92A36C46500AC17D5 /* MemoryLaneView+MoodEntryCardView.swift */; };
		1D0566462A38839B006FBEB0 /* HeatmapDataView.swift in Sources */ = {isa = PBXBuildFile; fileRef = 1D0566452A38839B006FBEB0 /* HeatmapDataView.swift */; };
		1D0566482A3885CB006FBEB0 /* LockedFeatureView.swift in Sources */ = {isa = PBXBuildFile; fileRef = 1D0566472A3885CB006FBEB0 /* LockedFeatureView.swift */; };
		1D05664A2A3894C6006FBEB0 /* HeatMapView.swift in Sources */ = {isa = PBXBuildFile; fileRef = 1D0566492A3894C6006FBEB0 /* HeatMapView.swift */; };
		1D05664C2A38ADC7006FBEB0 /* ShareButton.swift in Sources */ = {isa = PBXBuildFile; fileRef = 1D05664B2A38ADC7006FBEB0 /* ShareButton.swift */; };
		1D0D1B472A2ECFBA0086BED8 /* ScatterPlotView.swift in Sources */ = {isa = PBXBuildFile; fileRef = 1D0D1B462A2ECFBA0086BED8 /* ScatterPlotView.swift */; };
		1D199B602A356F31009F6EB1 /* microphone-recording.json in Resources */ = {isa = PBXBuildFile; fileRef = 1DC460F22A2B9D23004BF432 /* microphone-recording.json */; };
		1D39F33C2A278D8C00C2AC90 /* PlaceholderData.swift in Sources */ = {isa = PBXBuildFile; fileRef = 1D39F33B2A278D8C00C2AC90 /* PlaceholderData.swift */; };
		1D39F33E2A278EEC00C2AC90 /* placeholder_data.json in Resources */ = {isa = PBXBuildFile; fileRef = 1D39F33D2A278EEC00C2AC90 /* placeholder_data.json */; };
		1D5B94332A26096200CB7039 /* SettingsView.swift in Sources */ = {isa = PBXBuildFile; fileRef = 1D5B94322A26096200CB7039 /* SettingsView.swift */; };
		1D600C0F2A357F8500084D15 /* speaker.json in Resources */ = {isa = PBXBuildFile; fileRef = 1D600C0E2A357F8500084D15 /* speaker.json */; };
		1D600C132A35D46200084D15 /* NavigationController.swift in Sources */ = {isa = PBXBuildFile; fileRef = 1D600C122A35D46200084D15 /* NavigationController.swift */; };
		1D600C152A35F1C300084D15 /* CheckInLabel.swift in Sources */ = {isa = PBXBuildFile; fileRef = 1D600C142A35F1C300084D15 /* CheckInLabel.swift */; };
		1D600C172A35FB5000084D15 /* TagsView.swift in Sources */ = {isa = PBXBuildFile; fileRef = 1D600C162A35FB5000084D15 /* TagsView.swift */; };
		1D600C192A360FD100084D15 /* camera.json in Resources */ = {isa = PBXBuildFile; fileRef = 1D600C182A360FD100084D15 /* camera.json */; };
		1D600C1B2A3610D600084D15 /* document.json in Resources */ = {isa = PBXBuildFile; fileRef = 1D600C1A2A3610D600084D15 /* document.json */; };
		1D600C212A36129D00084D15 /* location.json in Resources */ = {isa = PBXBuildFile; fileRef = 1D600C1C2A36129D00084D15 /* location.json */; };
		1D600C222A36129D00084D15 /* edit.json in Resources */ = {isa = PBXBuildFile; fileRef = 1D600C1D2A36129D00084D15 /* edit.json */; };
		1D600C232A36129D00084D15 /* sleep.json in Resources */ = {isa = PBXBuildFile; fileRef = 1D600C1E2A36129D00084D15 /* sleep.json */; };
		1D600C242A36129D00084D15 /* exercise.json in Resources */ = {isa = PBXBuildFile; fileRef = 1D600C1F2A36129D00084D15 /* exercise.json */; };
		1D600C252A36129D00084D15 /* weather.json in Resources */ = {isa = PBXBuildFile; fileRef = 1D600C202A36129D00084D15 /* weather.json */; };
		1D61AC072A2C61BC0033C4FC /* SwiftHeatMap.swift in Sources */ = {isa = PBXBuildFile; fileRef = 1D61AC062A2C61BC0033C4FC /* SwiftHeatMap.swift */; };
		1D61AC092A2C98560033C4FC /* ResizableLottieView.swift in Sources */ = {isa = PBXBuildFile; fileRef = 1D61AC082A2C98560033C4FC /* ResizableLottieView.swift */; };
		1D61AC0B2A2CE9CE0033C4FC /* MoodOverviewView.swift in Sources */ = {isa = PBXBuildFile; fileRef = 1D61AC0A2A2CE9CE0033C4FC /* MoodOverviewView.swift */; };
		1D6206DC2A232B140034C0A6 /* Mood_MapApp.swift in Sources */ = {isa = PBXBuildFile; fileRef = 1D6206DB2A232B140034C0A6 /* Mood_MapApp.swift */; };
		1D6206DE2A232B140034C0A6 /* ContentView.swift in Sources */ = {isa = PBXBuildFile; fileRef = 1D6206DD2A232B140034C0A6 /* ContentView.swift */; };
		1D6206E02A232B150034C0A6 /* Assets.xcassets in Resources */ = {isa = PBXBuildFile; fileRef = 1D6206DF2A232B150034C0A6 /* Assets.xcassets */; };
		1D6206E42A232B150034C0A6 /* Preview Assets.xcassets in Resources */ = {isa = PBXBuildFile; fileRef = 1D6206E32A232B150034C0A6 /* Preview Assets.xcassets */; };
		1D6206EE2A232B150034C0A6 /* Mood_MapTests.swift in Sources */ = {isa = PBXBuildFile; fileRef = 1D6206ED2A232B150034C0A6 /* Mood_MapTests.swift */; };
		1D6206F82A232B150034C0A6 /* Mood_MapUITests.swift in Sources */ = {isa = PBXBuildFile; fileRef = 1D6206F72A232B150034C0A6 /* Mood_MapUITests.swift */; };
		1D6206FA2A232B150034C0A6 /* Mood_MapUITestsLaunchTests.swift in Sources */ = {isa = PBXBuildFile; fileRef = 1D6206F92A232B150034C0A6 /* Mood_MapUITestsLaunchTests.swift */; };
		1D68C1732A376D48005B1902 /* MoodEntryDetailView.swift in Sources */ = {isa = PBXBuildFile; fileRef = 1D68C1722A376D48005B1902 /* MoodEntryDetailView.swift */; };
		1D68C1762A37868B005B1902 /* Onboarding.swift in Sources */ = {isa = PBXBuildFile; fileRef = 1D68C1752A37868B005B1902 /* Onboarding.swift */; };
		1D68C1782A378850005B1902 /* OnboardingView.swift in Sources */ = {isa = PBXBuildFile; fileRef = 1D68C1772A378850005B1902 /* OnboardingView.swift */; };
		1D68C17A2A378E18005B1902 /* LargeButton.swift in Sources */ = {isa = PBXBuildFile; fileRef = 1D68C1792A378E18005B1902 /* LargeButton.swift */; };
		1D68C17C2A378E61005B1902 /* SmallButton.swift in Sources */ = {isa = PBXBuildFile; fileRef = 1D68C17B2A378E61005B1902 /* SmallButton.swift */; };
		1D68C17E2A379D5D005B1902 /* SignInView.swift in Sources */ = {isa = PBXBuildFile; fileRef = 1D68C17D2A379D5D005B1902 /* SignInView.swift */; };
		1D68C1802A379DAB005B1902 /* TextFormField.swift in Sources */ = {isa = PBXBuildFile; fileRef = 1D68C17F2A379DAB005B1902 /* TextFormField.swift */; };
		1D68C1822A37A4F0005B1902 /* SignUpView.swift in Sources */ = {isa = PBXBuildFile; fileRef = 1D68C1812A37A4F0005B1902 /* SignUpView.swift */; };
		1D68C1842A37ADFA005B1902 /* ForgotPasswordView.swift in Sources */ = {isa = PBXBuildFile; fileRef = 1D68C1832A37ADFA005B1902 /* ForgotPasswordView.swift */; };
		1D6B3E862A36CD1E009476D1 /* CategoryBackgroundView.swift in Sources */ = {isa = PBXBuildFile; fileRef = 1D6B3E852A36CD1E009476D1 /* CategoryBackgroundView.swift */; };
		1DA7C07B2A24B74700A50A5F /* MoodCheckInView.swift in Sources */ = {isa = PBXBuildFile; fileRef = 1DA7C07A2A24B74700A50A5F /* MoodCheckInView.swift */; };
		1DA7C0802A24CB7F00A50A5F /* MoodMapKit in Frameworks */ = {isa = PBXBuildFile; productRef = 1DA7C07F2A24CB7F00A50A5F /* MoodMapKit */; };
		1DA7C0822A24CBCF00A50A5F /* HomeView.swift in Sources */ = {isa = PBXBuildFile; fileRef = 1DA7C0812A24CBCF00A50A5F /* HomeView.swift */; };
		1DA7C0842A24CBDE00A50A5F /* MemoryLaneViewWrapper.swift in Sources */ = {isa = PBXBuildFile; fileRef = 1DA7C0832A24CBDE00A50A5F /* MemoryLaneViewWrapper.swift */; };
		1DA7C0862A24CBF800A50A5F /* MoodInsightsView.swift in Sources */ = {isa = PBXBuildFile; fileRef = 1DA7C0852A24CBF800A50A5F /* MoodInsightsView.swift */; };
		1DB053FC2A38D65B009CF560 /* AccountSettingsView.swift in Sources */ = {isa = PBXBuildFile; fileRef = 1DB053FB2A38D65B009CF560 /* AccountSettingsView.swift */; };
		1DB6E1D42A24EE8D00279B6E /* TabbedView.swift in Sources */ = {isa = PBXBuildFile; fileRef = 1DB6E1D32A24EE8D00279B6E /* TabbedView.swift */; };
		1DB7B9C72A350442004BC710 /* VoiceNoteIntentView.swift in Sources */ = {isa = PBXBuildFile; fileRef = 1DB7B9C62A350442004BC710 /* VoiceNoteIntentView.swift */; };
		1DB7E26D2A3A0F8600EDEF22 /* WidgetKit.framework in Frameworks */ = {isa = PBXBuildFile; fileRef = 1DB054042A38F7F4009CF560 /* WidgetKit.framework */; };
		1DB7E26E2A3A0F8600EDEF22 /* SwiftUI.framework in Frameworks */ = {isa = PBXBuildFile; fileRef = 1DB054062A38F7F5009CF560 /* SwiftUI.framework */; };
		1DB7E2712A3A0F8600EDEF22 /* MoodMapWidgetBundle.swift in Sources */ = {isa = PBXBuildFile; fileRef = 1DB7E2702A3A0F8600EDEF22 /* MoodMapWidgetBundle.swift */; };
		1DB7E2732A3A0F8600EDEF22 /* MoodMapWidget.swift in Sources */ = {isa = PBXBuildFile; fileRef = 1DB7E2722A3A0F8600EDEF22 /* MoodMapWidget.swift */; };
		1DB7E2762A3A0F8700EDEF22 /* Assets.xcassets in Resources */ = {isa = PBXBuildFile; fileRef = 1DB7E2752A3A0F8700EDEF22 /* Assets.xcassets */; };
		1DB7E2782A3A0F8700EDEF22 /* MoodMapWidget.intentdefinition in Sources */ = {isa = PBXBuildFile; fileRef = 1DB7E2742A3A0F8600EDEF22 /* MoodMapWidget.intentdefinition */; };
		1DB7E2792A3A0F8700EDEF22 /* MoodMapWidget.intentdefinition in Sources */ = {isa = PBXBuildFile; fileRef = 1DB7E2742A3A0F8600EDEF22 /* MoodMapWidget.intentdefinition */; };
		1DB7E27C2A3A0F8700EDEF22 /* MoodMapWidgetExtension.appex in Embed Foundation Extensions */ = {isa = PBXBuildFile; fileRef = 1DB7E26C2A3A0F8600EDEF22 /* MoodMapWidgetExtension.appex */; settings = {ATTRIBUTES = (RemoveHeadersOnCopy, ); }; };
		1DC460ED2A2B9336004BF432 /* TabbedView+Extensions.swift in Sources */ = {isa = PBXBuildFile; fileRef = 1DC460EC2A2B9336004BF432 /* TabbedView+Extensions.swift */; };
		1DC460FB2A2B9D23004BF432 /* avatar.json in Resources */ = {isa = PBXBuildFile; fileRef = 1DC460F12A2B9D23004BF432 /* avatar.json */; };
		1DC460FD2A2B9D23004BF432 /* photo-picturelandscape-gallery.json in Resources */ = {isa = PBXBuildFile; fileRef = 1DC460F32A2B9D23004BF432 /* photo-picturelandscape-gallery.json */; };
		1DC460FE2A2B9D23004BF432 /* flower-doodle.json in Resources */ = {isa = PBXBuildFile; fileRef = 1DC460F42A2B9D23004BF432 /* flower-doodle.json */; };
		1DC460FF2A2B9D23004BF432 /* plus-circle.json in Resources */ = {isa = PBXBuildFile; fileRef = 1DC460F52A2B9D23004BF432 /* plus-circle.json */; };
		1DC461002A2B9D23004BF432 /* trash-bin.json in Resources */ = {isa = PBXBuildFile; fileRef = 1DC460F62A2B9D23004BF432 /* trash-bin.json */; };
		1DC461012A2B9D23004BF432 /* check-in.json in Resources */ = {isa = PBXBuildFile; fileRef = 1DC460F72A2B9D23004BF432 /* check-in.json */; };
		1DC461022A2B9D23004BF432 /* spa-flower.json in Resources */ = {isa = PBXBuildFile; fileRef = 1DC460F82A2B9D23004BF432 /* spa-flower.json */; };
		1DC461032A2B9D23004BF432 /* chart.json in Resources */ = {isa = PBXBuildFile; fileRef = 1DC460F92A2B9D23004BF432 /* chart.json */; };
		1DC461042A2B9D23004BF432 /* home.json in Resources */ = {isa = PBXBuildFile; fileRef = 1DC460FA2A2B9D23004BF432 /* home.json */; };
		1DC461062A2B9E96004BF432 /* CheckInView.swift in Sources */ = {isa = PBXBuildFile; fileRef = 1DC461052A2B9E96004BF432 /* CheckInView.swift */; };
		1DDF115E2A36349400A6B49E /* Appwrite in Frameworks */ = {isa = PBXBuildFile; productRef = 1DDF115D2A36349400A6B49E /* Appwrite */; };
		1DDF11642A36361F00A6B49E /* NetworkManager.swift in Sources */ = {isa = PBXBuildFile; fileRef = 1DDF11612A36361F00A6B49E /* NetworkManager.swift */; };
		1DDF116A2A36365F00A6B49E /* Constants.swift in Sources */ = {isa = PBXBuildFile; fileRef = 1DDF11662A36365F00A6B49E /* Constants.swift */; };
		1DDF116B2A36365F00A6B49E /* AppStorage+Extension.swift in Sources */ = {isa = PBXBuildFile; fileRef = 1DDF11672A36365F00A6B49E /* AppStorage+Extension.swift */; };
		1DDF116C2A36365F00A6B49E /* ErrorHandling.swift in Sources */ = {isa = PBXBuildFile; fileRef = 1DDF11682A36365F00A6B49E /* ErrorHandling.swift */; };
		1DDF116D2A36365F00A6B49E /* Image+Data.swift in Sources */ = {isa = PBXBuildFile; fileRef = 1DDF11692A36365F00A6B49E /* Image+Data.swift */; };
		1DDF11792A36368100A6B49E /* InsightsViewModel.swift in Sources */ = {isa = PBXBuildFile; fileRef = 1DDF11762A36368100A6B49E /* InsightsViewModel.swift */; };
		1DDF117A2A36368100A6B49E /* AuthViewModel.swift in Sources */ = {isa = PBXBuildFile; fileRef = 1DDF11772A36368100A6B49E /* AuthViewModel.swift */; };
		1DDF117B2A36368100A6B49E /* MoodViewModel.swift in Sources */ = {isa = PBXBuildFile; fileRef = 1DDF11782A36368100A6B49E /* MoodViewModel.swift */; };
		1DDF117D2A36369E00A6B49E /* AudioContentView.swift in Sources */ = {isa = PBXBuildFile; fileRef = 1DDF117C2A36369E00A6B49E /* AudioContentView.swift */; };
		1DED30582A36C4DB00705A88 /* MemoryLane+Utils.swift in Sources */ = {isa = PBXBuildFile; fileRef = 1DED30542A36C4DB00705A88 /* MemoryLane+Utils.swift */; };
		1DED30592A36C4DB00705A88 /* MemoryLaneView+DateElevation.swift in Sources */ = {isa = PBXBuildFile; fileRef = 1DED30532A36C4DB00705A88 /* MemoryLaneView+DateElevation.swift */; };
		1DED305A2A36C4DB00705A88 /* MemoryLaneView+ScrollerKnob.swift in Sources */ = {isa = PBXBuildFile; fileRef = 1DED30562A36C4DB00705A88 /* MemoryLaneView+ScrollerKnob.swift */; };
		1DED305B2A36C4DB00705A88 /* MoodEntryCardContentView.swift in Sources */ = {isa = PBXBuildFile; fileRef = 1DED30552A36C4DB00705A88 /* MoodEntryCardContentView.swift */; };
		1DED305C2A36C4DB00705A88 /* MemoryLaneView+CustomScroller.swift in Sources */ = {isa = PBXBuildFile; fileRef = 1DED30572A36C4DB00705A88 /* MemoryLaneView+CustomScroller.swift */; };
		1DF0B4A72A2AFF910031CB48 /* SplashView.swift in Sources */ = {isa = PBXBuildFile; fileRef = 1DF0B4A62A2AFF910031CB48 /* SplashView.swift */; };
		1DF0B4AA2A2B29D10031CB48 /* Lottie in Frameworks */ = {isa = PBXBuildFile; productRef = 1DF0B4A92A2B29D10031CB48 /* Lottie */; };
/* End PBXBuildFile section */

/* Begin PBXContainerItemProxy section */
		1D6206EA2A232B150034C0A6 /* PBXContainerItemProxy */ = {
			isa = PBXContainerItemProxy;
			containerPortal = 1D6206D02A232B140034C0A6 /* Project object */;
			proxyType = 1;
			remoteGlobalIDString = 1D6206D72A232B140034C0A6;
			remoteInfo = "Mood-Map";
		};
		1D6206F42A232B150034C0A6 /* PBXContainerItemProxy */ = {
			isa = PBXContainerItemProxy;
			containerPortal = 1D6206D02A232B140034C0A6 /* Project object */;
			proxyType = 1;
			remoteGlobalIDString = 1D6206D72A232B140034C0A6;
			remoteInfo = "Mood-Map";
		};
		1DB7E27A2A3A0F8700EDEF22 /* PBXContainerItemProxy */ = {
			isa = PBXContainerItemProxy;
			containerPortal = 1D6206D02A232B140034C0A6 /* Project object */;
			proxyType = 1;
			remoteGlobalIDString = 1DB7E26B2A3A0F8600EDEF22;
			remoteInfo = MoodMapWidgetExtension;
		};
/* End PBXContainerItemProxy section */

/* Begin PBXCopyFilesBuildPhase section */
		1DB054132A38F7F6009CF560 /* Embed Foundation Extensions */ = {
			isa = PBXCopyFilesBuildPhase;
			buildActionMask = 12;
			dstPath = "";
			dstSubfolderSpec = 13;
			files = (
				1DB7E27C2A3A0F8700EDEF22 /* MoodMapWidgetExtension.appex in Embed Foundation Extensions */,
			);
			name = "Embed Foundation Extensions";
			runOnlyForDeploymentPostprocessing = 0;
		};
/* End PBXCopyFilesBuildPhase section */

/* Begin PBXFileReference section */
		1D0467F52A36C43700AC17D5 /* MemoryLaneView.swift */ = {isa = PBXFileReference; lastKnownFileType = sourcecode.swift; name = MemoryLaneView.swift; path = ../Main/MemoryLaneView.swift; sourceTree = "<group>"; };
		1D0467F72A36C46100AC17D5 /* ScrollMood.swift */ = {isa = PBXFileReference; lastKnownFileType = sourcecode.swift; path = ScrollMood.swift; sourceTree = "<group>"; };
		1D0467F92A36C46500AC17D5 /* MemoryLaneView+MoodEntryCardView.swift */ = {isa = PBXFileReference; lastKnownFileType = sourcecode.swift; path = "MemoryLaneView+MoodEntryCardView.swift"; sourceTree = "<group>"; };
		1D0566452A38839B006FBEB0 /* HeatmapDataView.swift */ = {isa = PBXFileReference; fileEncoding = 4; lastKnownFileType = sourcecode.swift; path = HeatmapDataView.swift; sourceTree = "<group>"; };
		1D0566472A3885CB006FBEB0 /* LockedFeatureView.swift */ = {isa = PBXFileReference; lastKnownFileType = sourcecode.swift; path = LockedFeatureView.swift; sourceTree = "<group>"; };
		1D0566492A3894C6006FBEB0 /* HeatMapView.swift */ = {isa = PBXFileReference; lastKnownFileType = sourcecode.swift; path = HeatMapView.swift; sourceTree = "<group>"; };
		1D05664B2A38ADC7006FBEB0 /* ShareButton.swift */ = {isa = PBXFileReference; lastKnownFileType = sourcecode.swift; path = ShareButton.swift; sourceTree = "<group>"; };
		1D0D1B462A2ECFBA0086BED8 /* ScatterPlotView.swift */ = {isa = PBXFileReference; lastKnownFileType = sourcecode.swift; path = ScatterPlotView.swift; sourceTree = "<group>"; };
		1D39F33B2A278D8C00C2AC90 /* PlaceholderData.swift */ = {isa = PBXFileReference; lastKnownFileType = sourcecode.swift; path = PlaceholderData.swift; sourceTree = "<group>"; };
		1D39F33D2A278EEC00C2AC90 /* placeholder_data.json */ = {isa = PBXFileReference; lastKnownFileType = text.json; path = placeholder_data.json; sourceTree = "<group>"; };
		1D55AE192A23C010008DEDB8 /* Info.plist */ = {isa = PBXFileReference; lastKnownFileType = text.plist; path = Info.plist; sourceTree = "<group>"; };
		1D5B94322A26096200CB7039 /* SettingsView.swift */ = {isa = PBXFileReference; lastKnownFileType = sourcecode.swift; path = SettingsView.swift; sourceTree = "<group>"; };
		1D600C0E2A357F8500084D15 /* speaker.json */ = {isa = PBXFileReference; lastKnownFileType = text.json; path = speaker.json; sourceTree = "<group>"; };
		1D600C122A35D46200084D15 /* NavigationController.swift */ = {isa = PBXFileReference; lastKnownFileType = sourcecode.swift; path = NavigationController.swift; sourceTree = "<group>"; };
		1D600C142A35F1C300084D15 /* CheckInLabel.swift */ = {isa = PBXFileReference; lastKnownFileType = sourcecode.swift; path = CheckInLabel.swift; sourceTree = "<group>"; };
		1D600C162A35FB5000084D15 /* TagsView.swift */ = {isa = PBXFileReference; lastKnownFileType = sourcecode.swift; path = TagsView.swift; sourceTree = "<group>"; };
		1D600C182A360FD100084D15 /* camera.json */ = {isa = PBXFileReference; lastKnownFileType = text.json; path = camera.json; sourceTree = "<group>"; };
		1D600C1A2A3610D600084D15 /* document.json */ = {isa = PBXFileReference; lastKnownFileType = text.json; path = document.json; sourceTree = "<group>"; };
		1D600C1C2A36129D00084D15 /* location.json */ = {isa = PBXFileReference; lastKnownFileType = text.json; path = location.json; sourceTree = "<group>"; };
		1D600C1D2A36129D00084D15 /* edit.json */ = {isa = PBXFileReference; lastKnownFileType = text.json; path = edit.json; sourceTree = "<group>"; };
		1D600C1E2A36129D00084D15 /* sleep.json */ = {isa = PBXFileReference; lastKnownFileType = text.json; path = sleep.json; sourceTree = "<group>"; };
		1D600C1F2A36129D00084D15 /* exercise.json */ = {isa = PBXFileReference; lastKnownFileType = text.json; path = exercise.json; sourceTree = "<group>"; };
		1D600C202A36129D00084D15 /* weather.json */ = {isa = PBXFileReference; lastKnownFileType = text.json; path = weather.json; sourceTree = "<group>"; };
		1D61AC062A2C61BC0033C4FC /* SwiftHeatMap.swift */ = {isa = PBXFileReference; lastKnownFileType = sourcecode.swift; path = SwiftHeatMap.swift; sourceTree = "<group>"; };
		1D61AC082A2C98560033C4FC /* ResizableLottieView.swift */ = {isa = PBXFileReference; lastKnownFileType = sourcecode.swift; path = ResizableLottieView.swift; sourceTree = "<group>"; };
		1D61AC0A2A2CE9CE0033C4FC /* MoodOverviewView.swift */ = {isa = PBXFileReference; lastKnownFileType = sourcecode.swift; path = MoodOverviewView.swift; sourceTree = "<group>"; };
		1D6206D82A232B140034C0A6 /* Mood-Map.app */ = {isa = PBXFileReference; explicitFileType = wrapper.application; includeInIndex = 0; path = "Mood-Map.app"; sourceTree = BUILT_PRODUCTS_DIR; };
		1D6206DB2A232B140034C0A6 /* Mood_MapApp.swift */ = {isa = PBXFileReference; lastKnownFileType = sourcecode.swift; path = Mood_MapApp.swift; sourceTree = "<group>"; };
		1D6206DD2A232B140034C0A6 /* ContentView.swift */ = {isa = PBXFileReference; lastKnownFileType = sourcecode.swift; path = ContentView.swift; sourceTree = "<group>"; };
		1D6206DF2A232B150034C0A6 /* Assets.xcassets */ = {isa = PBXFileReference; lastKnownFileType = folder.assetcatalog; path = Assets.xcassets; sourceTree = "<group>"; };
		1D6206E12A232B150034C0A6 /* Mood_Map.entitlements */ = {isa = PBXFileReference; lastKnownFileType = text.plist.entitlements; path = Mood_Map.entitlements; sourceTree = "<group>"; };
		1D6206E32A232B150034C0A6 /* Preview Assets.xcassets */ = {isa = PBXFileReference; lastKnownFileType = folder.assetcatalog; path = "Preview Assets.xcassets"; sourceTree = "<group>"; };
		1D6206E92A232B150034C0A6 /* Mood-MapTests.xctest */ = {isa = PBXFileReference; explicitFileType = wrapper.cfbundle; includeInIndex = 0; path = "Mood-MapTests.xctest"; sourceTree = BUILT_PRODUCTS_DIR; };
		1D6206ED2A232B150034C0A6 /* Mood_MapTests.swift */ = {isa = PBXFileReference; lastKnownFileType = sourcecode.swift; path = Mood_MapTests.swift; sourceTree = "<group>"; };
		1D6206F32A232B150034C0A6 /* Mood-MapUITests.xctest */ = {isa = PBXFileReference; explicitFileType = wrapper.cfbundle; includeInIndex = 0; path = "Mood-MapUITests.xctest"; sourceTree = BUILT_PRODUCTS_DIR; };
		1D6206F72A232B150034C0A6 /* Mood_MapUITests.swift */ = {isa = PBXFileReference; lastKnownFileType = sourcecode.swift; path = Mood_MapUITests.swift; sourceTree = "<group>"; };
		1D6206F92A232B150034C0A6 /* Mood_MapUITestsLaunchTests.swift */ = {isa = PBXFileReference; lastKnownFileType = sourcecode.swift; path = Mood_MapUITestsLaunchTests.swift; sourceTree = "<group>"; };
		1D68C1722A376D48005B1902 /* MoodEntryDetailView.swift */ = {isa = PBXFileReference; lastKnownFileType = sourcecode.swift; path = MoodEntryDetailView.swift; sourceTree = "<group>"; };
		1D68C1752A37868B005B1902 /* Onboarding.swift */ = {isa = PBXFileReference; lastKnownFileType = sourcecode.swift; path = Onboarding.swift; sourceTree = "<group>"; };
		1D68C1772A378850005B1902 /* OnboardingView.swift */ = {isa = PBXFileReference; lastKnownFileType = sourcecode.swift; path = OnboardingView.swift; sourceTree = "<group>"; };
		1D68C1792A378E18005B1902 /* LargeButton.swift */ = {isa = PBXFileReference; lastKnownFileType = sourcecode.swift; path = LargeButton.swift; sourceTree = "<group>"; };
		1D68C17B2A378E61005B1902 /* SmallButton.swift */ = {isa = PBXFileReference; lastKnownFileType = sourcecode.swift; path = SmallButton.swift; sourceTree = "<group>"; };
		1D68C17D2A379D5D005B1902 /* SignInView.swift */ = {isa = PBXFileReference; lastKnownFileType = sourcecode.swift; path = SignInView.swift; sourceTree = "<group>"; };
		1D68C17F2A379DAB005B1902 /* TextFormField.swift */ = {isa = PBXFileReference; lastKnownFileType = sourcecode.swift; path = TextFormField.swift; sourceTree = "<group>"; };
		1D68C1812A37A4F0005B1902 /* SignUpView.swift */ = {isa = PBXFileReference; lastKnownFileType = sourcecode.swift; path = SignUpView.swift; sourceTree = "<group>"; };
		1D68C1832A37ADFA005B1902 /* ForgotPasswordView.swift */ = {isa = PBXFileReference; lastKnownFileType = sourcecode.swift; path = ForgotPasswordView.swift; sourceTree = "<group>"; };
		1D6B3E852A36CD1E009476D1 /* CategoryBackgroundView.swift */ = {isa = PBXFileReference; lastKnownFileType = sourcecode.swift; path = CategoryBackgroundView.swift; sourceTree = "<group>"; };
		1DA7C07A2A24B74700A50A5F /* MoodCheckInView.swift */ = {isa = PBXFileReference; lastKnownFileType = sourcecode.swift; path = MoodCheckInView.swift; sourceTree = "<group>"; };
		1DA7C07E2A24CA7800A50A5F /* MoodMapKit */ = {isa = PBXFileReference; lastKnownFileType = wrapper; path = MoodMapKit; sourceTree = "<group>"; };
		1DA7C0812A24CBCF00A50A5F /* HomeView.swift */ = {isa = PBXFileReference; lastKnownFileType = sourcecode.swift; path = HomeView.swift; sourceTree = "<group>"; };
		1DA7C0832A24CBDE00A50A5F /* MemoryLaneViewWrapper.swift */ = {isa = PBXFileReference; lastKnownFileType = sourcecode.swift; path = MemoryLaneViewWrapper.swift; sourceTree = "<group>"; };
		1DA7C0852A24CBF800A50A5F /* MoodInsightsView.swift */ = {isa = PBXFileReference; lastKnownFileType = sourcecode.swift; path = MoodInsightsView.swift; sourceTree = "<group>"; };
		1DB053FB2A38D65B009CF560 /* AccountSettingsView.swift */ = {isa = PBXFileReference; lastKnownFileType = sourcecode.swift; path = AccountSettingsView.swift; sourceTree = "<group>"; };
		1DB054042A38F7F4009CF560 /* WidgetKit.framework */ = {isa = PBXFileReference; lastKnownFileType = wrapper.framework; name = WidgetKit.framework; path = System/Library/Frameworks/WidgetKit.framework; sourceTree = SDKROOT; };
		1DB054062A38F7F5009CF560 /* SwiftUI.framework */ = {isa = PBXFileReference; lastKnownFileType = wrapper.framework; name = SwiftUI.framework; path = System/Library/Frameworks/SwiftUI.framework; sourceTree = SDKROOT; };
		1DB6E1D32A24EE8D00279B6E /* TabbedView.swift */ = {isa = PBXFileReference; lastKnownFileType = sourcecode.swift; path = TabbedView.swift; sourceTree = "<group>"; };
		1DB7B9C62A350442004BC710 /* VoiceNoteIntentView.swift */ = {isa = PBXFileReference; lastKnownFileType = sourcecode.swift; path = VoiceNoteIntentView.swift; sourceTree = "<group>"; };
		1DB7E26C2A3A0F8600EDEF22 /* MoodMapWidgetExtension.appex */ = {isa = PBXFileReference; explicitFileType = "wrapper.app-extension"; includeInIndex = 0; path = MoodMapWidgetExtension.appex; sourceTree = BUILT_PRODUCTS_DIR; };
		1DB7E2702A3A0F8600EDEF22 /* MoodMapWidgetBundle.swift */ = {isa = PBXFileReference; lastKnownFileType = sourcecode.swift; path = MoodMapWidgetBundle.swift; sourceTree = "<group>"; };
		1DB7E2722A3A0F8600EDEF22 /* MoodMapWidget.swift */ = {isa = PBXFileReference; lastKnownFileType = sourcecode.swift; path = MoodMapWidget.swift; sourceTree = "<group>"; };
		1DB7E2742A3A0F8600EDEF22 /* MoodMapWidget.intentdefinition */ = {isa = PBXFileReference; lastKnownFileType = file.intentdefinition; path = MoodMapWidget.intentdefinition; sourceTree = "<group>"; };
		1DB7E2752A3A0F8700EDEF22 /* Assets.xcassets */ = {isa = PBXFileReference; lastKnownFileType = folder.assetcatalog; path = Assets.xcassets; sourceTree = "<group>"; };
		1DB7E2772A3A0F8700EDEF22 /* Info.plist */ = {isa = PBXFileReference; lastKnownFileType = text.plist.xml; path = Info.plist; sourceTree = "<group>"; };
		1DC460EC2A2B9336004BF432 /* TabbedView+Extensions.swift */ = {isa = PBXFileReference; lastKnownFileType = sourcecode.swift; path = "TabbedView+Extensions.swift"; sourceTree = "<group>"; };
		1DC460F12A2B9D23004BF432 /* avatar.json */ = {isa = PBXFileReference; fileEncoding = 4; lastKnownFileType = text.json; path = avatar.json; sourceTree = "<group>"; };
		1DC460F22A2B9D23004BF432 /* microphone-recording.json */ = {isa = PBXFileReference; fileEncoding = 4; lastKnownFileType = text.json; path = "microphone-recording.json"; sourceTree = "<group>"; };
		1DC460F32A2B9D23004BF432 /* photo-picturelandscape-gallery.json */ = {isa = PBXFileReference; fileEncoding = 4; lastKnownFileType = text.json; path = "photo-picturelandscape-gallery.json"; sourceTree = "<group>"; };
		1DC460F42A2B9D23004BF432 /* flower-doodle.json */ = {isa = PBXFileReference; fileEncoding = 4; lastKnownFileType = text.json; path = "flower-doodle.json"; sourceTree = "<group>"; };
		1DC460F52A2B9D23004BF432 /* plus-circle.json */ = {isa = PBXFileReference; fileEncoding = 4; lastKnownFileType = text.json; path = "plus-circle.json"; sourceTree = "<group>"; };
		1DC460F62A2B9D23004BF432 /* trash-bin.json */ = {isa = PBXFileReference; fileEncoding = 4; lastKnownFileType = text.json; path = "trash-bin.json"; sourceTree = "<group>"; };
		1DC460F72A2B9D23004BF432 /* check-in.json */ = {isa = PBXFileReference; fileEncoding = 4; lastKnownFileType = text.json; path = "check-in.json"; sourceTree = "<group>"; };
		1DC460F82A2B9D23004BF432 /* spa-flower.json */ = {isa = PBXFileReference; fileEncoding = 4; lastKnownFileType = text.json; path = "spa-flower.json"; sourceTree = "<group>"; };
		1DC460F92A2B9D23004BF432 /* chart.json */ = {isa = PBXFileReference; fileEncoding = 4; lastKnownFileType = text.json; path = chart.json; sourceTree = "<group>"; };
		1DC460FA2A2B9D23004BF432 /* home.json */ = {isa = PBXFileReference; fileEncoding = 4; lastKnownFileType = text.json; path = home.json; sourceTree = "<group>"; };
		1DC461052A2B9E96004BF432 /* CheckInView.swift */ = {isa = PBXFileReference; lastKnownFileType = sourcecode.swift; path = CheckInView.swift; sourceTree = "<group>"; };
		1DDF11612A36361F00A6B49E /* NetworkManager.swift */ = {isa = PBXFileReference; fileEncoding = 4; lastKnownFileType = sourcecode.swift; path = NetworkManager.swift; sourceTree = "<group>"; };
		1DDF11662A36365F00A6B49E /* Constants.swift */ = {isa = PBXFileReference; fileEncoding = 4; lastKnownFileType = sourcecode.swift; path = Constants.swift; sourceTree = "<group>"; };
		1DDF11672A36365F00A6B49E /* AppStorage+Extension.swift */ = {isa = PBXFileReference; fileEncoding = 4; lastKnownFileType = sourcecode.swift; path = "AppStorage+Extension.swift"; sourceTree = "<group>"; };
		1DDF11682A36365F00A6B49E /* ErrorHandling.swift */ = {isa = PBXFileReference; fileEncoding = 4; lastKnownFileType = sourcecode.swift; path = ErrorHandling.swift; sourceTree = "<group>"; };
		1DDF11692A36365F00A6B49E /* Image+Data.swift */ = {isa = PBXFileReference; fileEncoding = 4; lastKnownFileType = sourcecode.swift; path = "Image+Data.swift"; sourceTree = "<group>"; };
		1DDF11762A36368100A6B49E /* InsightsViewModel.swift */ = {isa = PBXFileReference; fileEncoding = 4; lastKnownFileType = sourcecode.swift; path = InsightsViewModel.swift; sourceTree = "<group>"; };
		1DDF11772A36368100A6B49E /* AuthViewModel.swift */ = {isa = PBXFileReference; fileEncoding = 4; lastKnownFileType = sourcecode.swift; path = AuthViewModel.swift; sourceTree = "<group>"; };
		1DDF11782A36368100A6B49E /* MoodViewModel.swift */ = {isa = PBXFileReference; fileEncoding = 4; lastKnownFileType = sourcecode.swift; path = MoodViewModel.swift; sourceTree = "<group>"; };
		1DDF117C2A36369E00A6B49E /* AudioContentView.swift */ = {isa = PBXFileReference; fileEncoding = 4; lastKnownFileType = sourcecode.swift; path = AudioContentView.swift; sourceTree = "<group>"; };
		1DED30532A36C4DB00705A88 /* MemoryLaneView+DateElevation.swift */ = {isa = PBXFileReference; lastKnownFileType = sourcecode.swift; path = "MemoryLaneView+DateElevation.swift"; sourceTree = "<group>"; };
		1DED30542A36C4DB00705A88 /* MemoryLane+Utils.swift */ = {isa = PBXFileReference; lastKnownFileType = sourcecode.swift; path = "MemoryLane+Utils.swift"; sourceTree = "<group>"; };
		1DED30552A36C4DB00705A88 /* MoodEntryCardContentView.swift */ = {isa = PBXFileReference; lastKnownFileType = sourcecode.swift; path = MoodEntryCardContentView.swift; sourceTree = "<group>"; };
		1DED30562A36C4DB00705A88 /* MemoryLaneView+ScrollerKnob.swift */ = {isa = PBXFileReference; lastKnownFileType = sourcecode.swift; path = "MemoryLaneView+ScrollerKnob.swift"; sourceTree = "<group>"; };
		1DED30572A36C4DB00705A88 /* MemoryLaneView+CustomScroller.swift */ = {isa = PBXFileReference; lastKnownFileType = sourcecode.swift; path = "MemoryLaneView+CustomScroller.swift"; sourceTree = "<group>"; };
		1DF0B4A62A2AFF910031CB48 /* SplashView.swift */ = {isa = PBXFileReference; lastKnownFileType = sourcecode.swift; path = SplashView.swift; sourceTree = "<group>"; };
/* End PBXFileReference section */

/* Begin PBXFrameworksBuildPhase section */
		1D6206D52A232B140034C0A6 /* Frameworks */ = {
			isa = PBXFrameworksBuildPhase;
			buildActionMask = 2147483647;
			files = (
				1DA7C0802A24CB7F00A50A5F /* MoodMapKit in Frameworks */,
				1DF0B4AA2A2B29D10031CB48 /* Lottie in Frameworks */,
				1DDF115E2A36349400A6B49E /* Appwrite in Frameworks */,
			);
			runOnlyForDeploymentPostprocessing = 0;
		};
		1D6206E62A232B150034C0A6 /* Frameworks */ = {
			isa = PBXFrameworksBuildPhase;
			buildActionMask = 2147483647;
			files = (
			);
			runOnlyForDeploymentPostprocessing = 0;
		};
		1D6206F02A232B150034C0A6 /* Frameworks */ = {
			isa = PBXFrameworksBuildPhase;
			buildActionMask = 2147483647;
			files = (
			);
			runOnlyForDeploymentPostprocessing = 0;
		};
		1DB7E2692A3A0F8600EDEF22 /* Frameworks */ = {
			isa = PBXFrameworksBuildPhase;
			buildActionMask = 2147483647;
			files = (
				1DB7E26E2A3A0F8600EDEF22 /* SwiftUI.framework in Frameworks */,
				1DB7E26D2A3A0F8600EDEF22 /* WidgetKit.framework in Frameworks */,
			);
			runOnlyForDeploymentPostprocessing = 0;
		};
/* End PBXFrameworksBuildPhase section */

/* Begin PBXGroup section */
		1D0467EB2A36BE8C00AC17D5 /* CheckIn */ = {
			isa = PBXGroup;
			children = (
				1DC461052A2B9E96004BF432 /* CheckInView.swift */,
				1DDF117C2A36369E00A6B49E /* AudioContentView.swift */,
				1DA7C07A2A24B74700A50A5F /* MoodCheckInView.swift */,
				1DB7B9C62A350442004BC710 /* VoiceNoteIntentView.swift */,
				1D600C142A35F1C300084D15 /* CheckInLabel.swift */,
				1D600C162A35FB5000084D15 /* TagsView.swift */,
			);
			path = CheckIn;
			sourceTree = "<group>";
		};
		1D0467EC2A36BEDB00AC17D5 /* MemoryLane */ = {
			isa = PBXGroup;
			children = (
				1DED30542A36C4DB00705A88 /* MemoryLane+Utils.swift */,
				1DED30572A36C4DB00705A88 /* MemoryLaneView+CustomScroller.swift */,
				1DED30532A36C4DB00705A88 /* MemoryLaneView+DateElevation.swift */,
				1DED30562A36C4DB00705A88 /* MemoryLaneView+ScrollerKnob.swift */,
				1DED30552A36C4DB00705A88 /* MoodEntryCardContentView.swift */,
				1D68C1722A376D48005B1902 /* MoodEntryDetailView.swift */,
				1D0467F92A36C46500AC17D5 /* MemoryLaneView+MoodEntryCardView.swift */,
				1D0467F72A36C46100AC17D5 /* ScrollMood.swift */,
				1D0467F52A36C43700AC17D5 /* MemoryLaneView.swift */,
				1DA7C0832A24CBDE00A50A5F /* MemoryLaneViewWrapper.swift */,
				1D6B3E852A36CD1E009476D1 /* CategoryBackgroundView.swift */,
			);
			path = MemoryLane;
			sourceTree = "<group>";
		};
		1D0467ED2A36BEF000AC17D5 /* Insights */ = {
			isa = PBXGroup;
			children = (
				1D0566492A3894C6006FBEB0 /* HeatMapView.swift */,
				1D0566452A38839B006FBEB0 /* HeatmapDataView.swift */,
				1D61AC062A2C61BC0033C4FC /* SwiftHeatMap.swift */,
				1DA7C0852A24CBF800A50A5F /* MoodInsightsView.swift */,
				1D61AC0A2A2CE9CE0033C4FC /* MoodOverviewView.swift */,
				1D0D1B462A2ECFBA0086BED8 /* ScatterPlotView.swift */,
				1D05664B2A38ADC7006FBEB0 /* ShareButton.swift */,
			);
			path = Insights;
			sourceTree = "<group>";
		};
		1D0467EE2A36BEFE00AC17D5 /* Settings */ = {
			isa = PBXGroup;
			children = (
				1D5B94322A26096200CB7039 /* SettingsView.swift */,
				1DB053FB2A38D65B009CF560 /* AccountSettingsView.swift */,
			);
			path = Settings;
			sourceTree = "<group>";
		};
		1D0467EF2A36BF0700AC17D5 /* Networking */ = {
			isa = PBXGroup;
			children = (
				1DDF11612A36361F00A6B49E /* NetworkManager.swift */,
				1D600C122A35D46200084D15 /* NavigationController.swift */,
			);
			path = Networking;
			sourceTree = "<group>";
		};
		1D0467F12A36BF7800AC17D5 /* Main */ = {
			isa = PBXGroup;
			children = (
				1DA7C0812A24CBCF00A50A5F /* HomeView.swift */,
				1DB6E1D32A24EE8D00279B6E /* TabbedView.swift */,
				1DC460EC2A2B9336004BF432 /* TabbedView+Extensions.swift */,
			);
			path = Main;
			sourceTree = "<group>";
		};
		1D55AE182A23C00B008DEDB8 /* Frameworks */ = {
			isa = PBXGroup;
			children = (
				1DB054042A38F7F4009CF560 /* WidgetKit.framework */,
				1DB054062A38F7F5009CF560 /* SwiftUI.framework */,
			);
			name = Frameworks;
			sourceTree = "<group>";
		};
		1D55AE1C2A23C3A3008DEDB8 /* Packages */ = {
			isa = PBXGroup;
			children = (
			);
			name = Packages;
			sourceTree = "<group>";
		};
		1D6206CF2A232B140034C0A6 = {
			isa = PBXGroup;
			children = (
				1DC460F02A2B9CE5004BF432 /* AnimatedIcons */,
				1D39F33D2A278EEC00C2AC90 /* placeholder_data.json */,
				1DA7C07E2A24CA7800A50A5F /* MoodMapKit */,
				1D55AE1C2A23C3A3008DEDB8 /* Packages */,
				1D6206DA2A232B140034C0A6 /* Mood-Map */,
				1D6206EC2A232B150034C0A6 /* Mood-MapTests */,
				1D6206F62A232B150034C0A6 /* Mood-MapUITests */,
				1DB7E26F2A3A0F8600EDEF22 /* MoodMapWidget */,
				1D6206D92A232B140034C0A6 /* Products */,
				1D55AE182A23C00B008DEDB8 /* Frameworks */,
			);
			sourceTree = "<group>";
		};
		1D6206D92A232B140034C0A6 /* Products */ = {
			isa = PBXGroup;
			children = (
				1D6206D82A232B140034C0A6 /* Mood-Map.app */,
				1D6206E92A232B150034C0A6 /* Mood-MapTests.xctest */,
				1D6206F32A232B150034C0A6 /* Mood-MapUITests.xctest */,
				1DB7E26C2A3A0F8600EDEF22 /* MoodMapWidgetExtension.appex */,
			);
			name = Products;
			sourceTree = "<group>";
		};
		1D6206DA2A232B140034C0A6 /* Mood-Map */ = {
			isa = PBXGroup;
			children = (
				1D0467F12A36BF7800AC17D5 /* Main */,
				1D0467EF2A36BF0700AC17D5 /* Networking */,
				1D0467EE2A36BEFE00AC17D5 /* Settings */,
				1D0467ED2A36BEF000AC17D5 /* Insights */,
				1D0467EC2A36BEDB00AC17D5 /* MemoryLane */,
				1D0467EB2A36BE8C00AC17D5 /* CheckIn */,
				1DDF11752A36368100A6B49E /* ViewModels */,
				1DDF116E2A36367000A6B49E /* Onboarding */,
				1DDF11652A36365F00A6B49E /* Helpers */,
				1D55AE192A23C010008DEDB8 /* Info.plist */,
				1D6206DB2A232B140034C0A6 /* Mood_MapApp.swift */,
				1D6206DD2A232B140034C0A6 /* ContentView.swift */,
				1D6206DF2A232B150034C0A6 /* Assets.xcassets */,
				1D6206E12A232B150034C0A6 /* Mood_Map.entitlements */,
				1D6206E22A232B150034C0A6 /* Preview Content */,
				1D0566472A3885CB006FBEB0 /* LockedFeatureView.swift */,
			);
			path = "Mood-Map";
			sourceTree = "<group>";
		};
		1D6206E22A232B150034C0A6 /* Preview Content */ = {
			isa = PBXGroup;
			children = (
				1D6206E32A232B150034C0A6 /* Preview Assets.xcassets */,
			);
			path = "Preview Content";
			sourceTree = "<group>";
		};
		1D6206EC2A232B150034C0A6 /* Mood-MapTests */ = {
			isa = PBXGroup;
			children = (
				1D6206ED2A232B150034C0A6 /* Mood_MapTests.swift */,
			);
			path = "Mood-MapTests";
			sourceTree = "<group>";
		};
		1D6206F62A232B150034C0A6 /* Mood-MapUITests */ = {
			isa = PBXGroup;
			children = (
				1D6206F72A232B150034C0A6 /* Mood_MapUITests.swift */,
				1D6206F92A232B150034C0A6 /* Mood_MapUITestsLaunchTests.swift */,
			);
			path = "Mood-MapUITests";
			sourceTree = "<group>";
		};
		1DB7E26F2A3A0F8600EDEF22 /* MoodMapWidget */ = {
			isa = PBXGroup;
			children = (
				1DB7E2702A3A0F8600EDEF22 /* MoodMapWidgetBundle.swift */,
				1DB7E2722A3A0F8600EDEF22 /* MoodMapWidget.swift */,
				1DB7E2742A3A0F8600EDEF22 /* MoodMapWidget.intentdefinition */,
				1DB7E2752A3A0F8700EDEF22 /* Assets.xcassets */,
				1DB7E2772A3A0F8700EDEF22 /* Info.plist */,
			);
			path = MoodMapWidget;
			sourceTree = "<group>";
		};
		1DC460F02A2B9CE5004BF432 /* AnimatedIcons */ = {
			isa = PBXGroup;
			children = (
				1D600C1D2A36129D00084D15 /* edit.json */,
				1D600C1F2A36129D00084D15 /* exercise.json */,
				1D600C1C2A36129D00084D15 /* location.json */,
				1D600C1E2A36129D00084D15 /* sleep.json */,
				1D600C202A36129D00084D15 /* weather.json */,
				1D600C1A2A3610D600084D15 /* document.json */,
				1D600C182A360FD100084D15 /* camera.json */,
				1D600C0E2A357F8500084D15 /* speaker.json */,
				1DC460F12A2B9D23004BF432 /* avatar.json */,
				1DC460F92A2B9D23004BF432 /* chart.json */,
				1DC460F72A2B9D23004BF432 /* check-in.json */,
				1DC460F42A2B9D23004BF432 /* flower-doodle.json */,
				1DC460FA2A2B9D23004BF432 /* home.json */,
				1DC460F22A2B9D23004BF432 /* microphone-recording.json */,
				1DC460F32A2B9D23004BF432 /* photo-picturelandscape-gallery.json */,
				1DC460F52A2B9D23004BF432 /* plus-circle.json */,
				1DC460F82A2B9D23004BF432 /* spa-flower.json */,
				1DC460F62A2B9D23004BF432 /* trash-bin.json */,
			);
			path = AnimatedIcons;
			sourceTree = "<group>";
		};
		1DDF11652A36365F00A6B49E /* Helpers */ = {
			isa = PBXGroup;
			children = (
				1D39F33B2A278D8C00C2AC90 /* PlaceholderData.swift */,
				1D61AC082A2C98560033C4FC /* ResizableLottieView.swift */,
				1DDF11662A36365F00A6B49E /* Constants.swift */,
				1DDF11672A36365F00A6B49E /* AppStorage+Extension.swift */,
				1DDF11682A36365F00A6B49E /* ErrorHandling.swift */,
				1DDF11692A36365F00A6B49E /* Image+Data.swift */,
			);
			path = Helpers;
			sourceTree = "<group>";
		};
		1DDF116E2A36367000A6B49E /* Onboarding */ = {
			isa = PBXGroup;
			children = (
				1DF0B4A62A2AFF910031CB48 /* SplashView.swift */,
				1D68C1752A37868B005B1902 /* Onboarding.swift */,
				1D68C1772A378850005B1902 /* OnboardingView.swift */,
				1D68C1792A378E18005B1902 /* LargeButton.swift */,
				1D68C17B2A378E61005B1902 /* SmallButton.swift */,
				1D68C17D2A379D5D005B1902 /* SignInView.swift */,
				1D68C17F2A379DAB005B1902 /* TextFormField.swift */,
				1D68C1812A37A4F0005B1902 /* SignUpView.swift */,
				1D68C1832A37ADFA005B1902 /* ForgotPasswordView.swift */,
			);
			path = Onboarding;
			sourceTree = "<group>";
		};
		1DDF11752A36368100A6B49E /* ViewModels */ = {
			isa = PBXGroup;
			children = (
				1DDF11762A36368100A6B49E /* InsightsViewModel.swift */,
				1DDF11772A36368100A6B49E /* AuthViewModel.swift */,
				1DDF11782A36368100A6B49E /* MoodViewModel.swift */,
			);
			path = ViewModels;
			sourceTree = "<group>";
		};
/* End PBXGroup section */

/* Begin PBXNativeTarget section */
		1D6206D72A232B140034C0A6 /* Mood-Map */ = {
			isa = PBXNativeTarget;
			buildConfigurationList = 1D6206FD2A232B150034C0A6 /* Build configuration list for PBXNativeTarget "Mood-Map" */;
			buildPhases = (
				1D6206D42A232B140034C0A6 /* Sources */,
				1D6206D52A232B140034C0A6 /* Frameworks */,
				1D6206D62A232B140034C0A6 /* Resources */,
				1DB054132A38F7F6009CF560 /* Embed Foundation Extensions */,
			);
			buildRules = (
			);
			dependencies = (
				1DB7E27B2A3A0F8700EDEF22 /* PBXTargetDependency */,
			);
			name = "Mood-Map";
			packageProductDependencies = (
				1DA7C07F2A24CB7F00A50A5F /* MoodMapKit */,
				1DF0B4A92A2B29D10031CB48 /* Lottie */,
				1DDF115D2A36349400A6B49E /* Appwrite */,
			);
			productName = "Mood-Map";
			productReference = 1D6206D82A232B140034C0A6 /* Mood-Map.app */;
			productType = "com.apple.product-type.application";
		};
		1D6206E82A232B150034C0A6 /* Mood-MapTests */ = {
			isa = PBXNativeTarget;
			buildConfigurationList = 1D6207002A232B150034C0A6 /* Build configuration list for PBXNativeTarget "Mood-MapTests" */;
			buildPhases = (
				1D6206E52A232B150034C0A6 /* Sources */,
				1D6206E62A232B150034C0A6 /* Frameworks */,
				1D6206E72A232B150034C0A6 /* Resources */,
			);
			buildRules = (
			);
			dependencies = (
				1D6206EB2A232B150034C0A6 /* PBXTargetDependency */,
			);
			name = "Mood-MapTests";
			productName = "Mood-MapTests";
			productReference = 1D6206E92A232B150034C0A6 /* Mood-MapTests.xctest */;
			productType = "com.apple.product-type.bundle.unit-test";
		};
		1D6206F22A232B150034C0A6 /* Mood-MapUITests */ = {
			isa = PBXNativeTarget;
			buildConfigurationList = 1D6207032A232B150034C0A6 /* Build configuration list for PBXNativeTarget "Mood-MapUITests" */;
			buildPhases = (
				1D6206EF2A232B150034C0A6 /* Sources */,
				1D6206F02A232B150034C0A6 /* Frameworks */,
				1D6206F12A232B150034C0A6 /* Resources */,
			);
			buildRules = (
			);
			dependencies = (
				1D6206F52A232B150034C0A6 /* PBXTargetDependency */,
			);
			name = "Mood-MapUITests";
			productName = "Mood-MapUITests";
			productReference = 1D6206F32A232B150034C0A6 /* Mood-MapUITests.xctest */;
			productType = "com.apple.product-type.bundle.ui-testing";
		};
		1DB7E26B2A3A0F8600EDEF22 /* MoodMapWidgetExtension */ = {
			isa = PBXNativeTarget;
			buildConfigurationList = 1DB7E27D2A3A0F8700EDEF22 /* Build configuration list for PBXNativeTarget "MoodMapWidgetExtension" */;
			buildPhases = (
				1DB7E2682A3A0F8600EDEF22 /* Sources */,
				1DB7E2692A3A0F8600EDEF22 /* Frameworks */,
				1DB7E26A2A3A0F8600EDEF22 /* Resources */,
			);
			buildRules = (
			);
			dependencies = (
			);
			name = MoodMapWidgetExtension;
			productName = MoodMapWidgetExtension;
			productReference = 1DB7E26C2A3A0F8600EDEF22 /* MoodMapWidgetExtension.appex */;
			productType = "com.apple.product-type.app-extension";
		};
/* End PBXNativeTarget section */

/* Begin PBXProject section */
		1D6206D02A232B140034C0A6 /* Project object */ = {
			isa = PBXProject;
			attributes = {
				BuildIndependentTargetsInParallel = 1;
				LastSwiftUpdateCheck = 1430;
				LastUpgradeCheck = 1430;
				TargetAttributes = {
					1D6206D72A232B140034C0A6 = {
						CreatedOnToolsVersion = 14.3;
					};
					1D6206E82A232B150034C0A6 = {
						CreatedOnToolsVersion = 14.3;
						TestTargetID = 1D6206D72A232B140034C0A6;
					};
					1D6206F22A232B150034C0A6 = {
						CreatedOnToolsVersion = 14.3;
						TestTargetID = 1D6206D72A232B140034C0A6;
					};
					1DB7E26B2A3A0F8600EDEF22 = {
						CreatedOnToolsVersion = 14.3;
					};
				};
			};
			buildConfigurationList = 1D6206D32A232B140034C0A6 /* Build configuration list for PBXProject "Mood-Map" */;
			compatibilityVersion = "Xcode 14.0";
			developmentRegion = en;
			hasScannedForEncodings = 0;
			knownRegions = (
				en,
				Base,
			);
			mainGroup = 1D6206CF2A232B140034C0A6;
			packageReferences = (
				1DF0B4A82A2B29D10031CB48 /* XCRemoteSwiftPackageReference "lottie-ios" */,
				1DDF115C2A36349400A6B49E /* XCRemoteSwiftPackageReference "sdk-for-apple" */,
			);
			productRefGroup = 1D6206D92A232B140034C0A6 /* Products */;
			projectDirPath = "";
			projectRoot = "";
			targets = (
				1D6206D72A232B140034C0A6 /* Mood-Map */,
				1D6206E82A232B150034C0A6 /* Mood-MapTests */,
				1D6206F22A232B150034C0A6 /* Mood-MapUITests */,
				1DB7E26B2A3A0F8600EDEF22 /* MoodMapWidgetExtension */,
			);
		};
/* End PBXProject section */

/* Begin PBXResourcesBuildPhase section */
		1D6206D62A232B140034C0A6 /* Resources */ = {
			isa = PBXResourcesBuildPhase;
			buildActionMask = 2147483647;
			files = (
				1D600C212A36129D00084D15 /* location.json in Resources */,
				1D600C222A36129D00084D15 /* edit.json in Resources */,
				1D600C232A36129D00084D15 /* sleep.json in Resources */,
				1D600C242A36129D00084D15 /* exercise.json in Resources */,
				1D600C252A36129D00084D15 /* weather.json in Resources */,
				1D600C1B2A3610D600084D15 /* document.json in Resources */,
				1D600C192A360FD100084D15 /* camera.json in Resources */,
				1D600C0F2A357F8500084D15 /* speaker.json in Resources */,
				1D199B602A356F31009F6EB1 /* microphone-recording.json in Resources */,
				1DC461032A2B9D23004BF432 /* chart.json in Resources */,
				1D6206E42A232B150034C0A6 /* Preview Assets.xcassets in Resources */,
				1DC461022A2B9D23004BF432 /* spa-flower.json in Resources */,
				1DC460FD2A2B9D23004BF432 /* photo-picturelandscape-gallery.json in Resources */,
				1DC461012A2B9D23004BF432 /* check-in.json in Resources */,
				1DC460FF2A2B9D23004BF432 /* plus-circle.json in Resources */,
				1DC461002A2B9D23004BF432 /* trash-bin.json in Resources */,
				1DC460FE2A2B9D23004BF432 /* flower-doodle.json in Resources */,
				1D39F33E2A278EEC00C2AC90 /* placeholder_data.json in Resources */,
				1DC460FB2A2B9D23004BF432 /* avatar.json in Resources */,
				1DC461042A2B9D23004BF432 /* home.json in Resources */,
				1D6206E02A232B150034C0A6 /* Assets.xcassets in Resources */,
			);
			runOnlyForDeploymentPostprocessing = 0;
		};
		1D6206E72A232B150034C0A6 /* Resources */ = {
			isa = PBXResourcesBuildPhase;
			buildActionMask = 2147483647;
			files = (
			);
			runOnlyForDeploymentPostprocessing = 0;
		};
		1D6206F12A232B150034C0A6 /* Resources */ = {
			isa = PBXResourcesBuildPhase;
			buildActionMask = 2147483647;
			files = (
			);
			runOnlyForDeploymentPostprocessing = 0;
		};
		1DB7E26A2A3A0F8600EDEF22 /* Resources */ = {
			isa = PBXResourcesBuildPhase;
			buildActionMask = 2147483647;
			files = (
				1DB7E2762A3A0F8700EDEF22 /* Assets.xcassets in Resources */,
			);
			runOnlyForDeploymentPostprocessing = 0;
		};
/* End PBXResourcesBuildPhase section */

/* Begin PBXSourcesBuildPhase section */
		1D6206D42A232B140034C0A6 /* Sources */ = {
			isa = PBXSourcesBuildPhase;
			buildActionMask = 2147483647;
			files = (
				1DDF11642A36361F00A6B49E /* NetworkManager.swift in Sources */,
				1D0566462A38839B006FBEB0 /* HeatmapDataView.swift in Sources */,
				1D0467F82A36C46100AC17D5 /* ScrollMood.swift in Sources */,
				1DDF116A2A36365F00A6B49E /* Constants.swift in Sources */,
				1DF0B4A72A2AFF910031CB48 /* SplashView.swift in Sources */,
				1D0467F62A36C43700AC17D5 /* MemoryLaneView.swift in Sources */,
				1DED30582A36C4DB00705A88 /* MemoryLane+Utils.swift in Sources */,
				1DB7E2792A3A0F8700EDEF22 /* MoodMapWidget.intentdefinition in Sources */,
				1DC460ED2A2B9336004BF432 /* TabbedView+Extensions.swift in Sources */,
				1D05664C2A38ADC7006FBEB0 /* ShareButton.swift in Sources */,
				1DA7C0862A24CBF800A50A5F /* MoodInsightsView.swift in Sources */,
				1DED30592A36C4DB00705A88 /* MemoryLaneView+DateElevation.swift in Sources */,
				1DB7B9C72A350442004BC710 /* VoiceNoteIntentView.swift in Sources */,
				1D600C152A35F1C300084D15 /* CheckInLabel.swift in Sources */,
				1DDF116D2A36365F00A6B49E /* Image+Data.swift in Sources */,
				1DA7C07B2A24B74700A50A5F /* MoodCheckInView.swift in Sources */,
				1DA7C0822A24CBCF00A50A5F /* HomeView.swift in Sources */,
				1D68C1842A37ADFA005B1902 /* ForgotPasswordView.swift in Sources */,
				1DA7C0842A24CBDE00A50A5F /* MemoryLaneViewWrapper.swift in Sources */,
				1D61AC072A2C61BC0033C4FC /* SwiftHeatMap.swift in Sources */,
				1D61AC092A2C98560033C4FC /* ResizableLottieView.swift in Sources */,
				1D5B94332A26096200CB7039 /* SettingsView.swift in Sources */,
				1D600C172A35FB5000084D15 /* TagsView.swift in Sources */,
				1D68C17C2A378E61005B1902 /* SmallButton.swift in Sources */,
				1D39F33C2A278D8C00C2AC90 /* PlaceholderData.swift in Sources */,
				1D68C1732A376D48005B1902 /* MoodEntryDetailView.swift in Sources */,
				1D68C17A2A378E18005B1902 /* LargeButton.swift in Sources */,
				1DDF117B2A36368100A6B49E /* MoodViewModel.swift in Sources */,
				1D68C1782A378850005B1902 /* OnboardingView.swift in Sources */,
				1D68C1762A37868B005B1902 /* Onboarding.swift in Sources */,
				1D68C1822A37A4F0005B1902 /* SignUpView.swift in Sources */,
				1DC461062A2B9E96004BF432 /* CheckInView.swift in Sources */,
				1D0566482A3885CB006FBEB0 /* LockedFeatureView.swift in Sources */,
				1D0467FA2A36C46500AC17D5 /* MemoryLaneView+MoodEntryCardView.swift in Sources */,
				1DDF117A2A36368100A6B49E /* AuthViewModel.swift in Sources */,
				1D05664A2A3894C6006FBEB0 /* HeatMapView.swift in Sources */,
				1DB6E1D42A24EE8D00279B6E /* TabbedView.swift in Sources */,
				1DDF11792A36368100A6B49E /* InsightsViewModel.swift in Sources */,
				1D600C132A35D46200084D15 /* NavigationController.swift in Sources */,
				1DDF117D2A36369E00A6B49E /* AudioContentView.swift in Sources */,
				1D0D1B472A2ECFBA0086BED8 /* ScatterPlotView.swift in Sources */,
				1D6206DE2A232B140034C0A6 /* ContentView.swift in Sources */,
				1DB053FC2A38D65B009CF560 /* AccountSettingsView.swift in Sources */,
				1D6B3E862A36CD1E009476D1 /* CategoryBackgroundView.swift in Sources */,
				1D68C17E2A379D5D005B1902 /* SignInView.swift in Sources */,
				1D68C1802A379DAB005B1902 /* TextFormField.swift in Sources */,
				1DDF116B2A36365F00A6B49E /* AppStorage+Extension.swift in Sources */,
				1DED305A2A36C4DB00705A88 /* MemoryLaneView+ScrollerKnob.swift in Sources */,
				1DED305B2A36C4DB00705A88 /* MoodEntryCardContentView.swift in Sources */,
				1DDF116C2A36365F00A6B49E /* ErrorHandling.swift in Sources */,
				1D6206DC2A232B140034C0A6 /* Mood_MapApp.swift in Sources */,
				1DED305C2A36C4DB00705A88 /* MemoryLaneView+CustomScroller.swift in Sources */,
				1D61AC0B2A2CE9CE0033C4FC /* MoodOverviewView.swift in Sources */,
			);
			runOnlyForDeploymentPostprocessing = 0;
		};
		1D6206E52A232B150034C0A6 /* Sources */ = {
			isa = PBXSourcesBuildPhase;
			buildActionMask = 2147483647;
			files = (
				1D6206EE2A232B150034C0A6 /* Mood_MapTests.swift in Sources */,
			);
			runOnlyForDeploymentPostprocessing = 0;
		};
		1D6206EF2A232B150034C0A6 /* Sources */ = {
			isa = PBXSourcesBuildPhase;
			buildActionMask = 2147483647;
			files = (
				1D6206FA2A232B150034C0A6 /* Mood_MapUITestsLaunchTests.swift in Sources */,
				1D6206F82A232B150034C0A6 /* Mood_MapUITests.swift in Sources */,
			);
			runOnlyForDeploymentPostprocessing = 0;
		};
		1DB7E2682A3A0F8600EDEF22 /* Sources */ = {
			isa = PBXSourcesBuildPhase;
			buildActionMask = 2147483647;
			files = (
				1DB7E2712A3A0F8600EDEF22 /* MoodMapWidgetBundle.swift in Sources */,
				1DB7E2782A3A0F8700EDEF22 /* MoodMapWidget.intentdefinition in Sources */,
				1DB7E2732A3A0F8600EDEF22 /* MoodMapWidget.swift in Sources */,
			);
			runOnlyForDeploymentPostprocessing = 0;
		};
/* End PBXSourcesBuildPhase section */

/* Begin PBXTargetDependency section */
		1D6206EB2A232B150034C0A6 /* PBXTargetDependency */ = {
			isa = PBXTargetDependency;
			target = 1D6206D72A232B140034C0A6 /* Mood-Map */;
			targetProxy = 1D6206EA2A232B150034C0A6 /* PBXContainerItemProxy */;
		};
		1D6206F52A232B150034C0A6 /* PBXTargetDependency */ = {
			isa = PBXTargetDependency;
			target = 1D6206D72A232B140034C0A6 /* Mood-Map */;
			targetProxy = 1D6206F42A232B150034C0A6 /* PBXContainerItemProxy */;
		};
		1DB7E27B2A3A0F8700EDEF22 /* PBXTargetDependency */ = {
			isa = PBXTargetDependency;
			target = 1DB7E26B2A3A0F8600EDEF22 /* MoodMapWidgetExtension */;
			targetProxy = 1DB7E27A2A3A0F8700EDEF22 /* PBXContainerItemProxy */;
		};
/* End PBXTargetDependency section */

/* Begin XCBuildConfiguration section */
		1D6206FB2A232B150034C0A6 /* Debug */ = {
			isa = XCBuildConfiguration;
			buildSettings = {
				ALWAYS_SEARCH_USER_PATHS = NO;
				CLANG_ANALYZER_NONNULL = YES;
				CLANG_ANALYZER_NUMBER_OBJECT_CONVERSION = YES_AGGRESSIVE;
				CLANG_CXX_LANGUAGE_STANDARD = "gnu++20";
				CLANG_ENABLE_MODULES = YES;
				CLANG_ENABLE_OBJC_ARC = YES;
				CLANG_ENABLE_OBJC_WEAK = YES;
				CLANG_WARN_BLOCK_CAPTURE_AUTORELEASING = YES;
				CLANG_WARN_BOOL_CONVERSION = YES;
				CLANG_WARN_COMMA = YES;
				CLANG_WARN_CONSTANT_CONVERSION = YES;
				CLANG_WARN_DEPRECATED_OBJC_IMPLEMENTATIONS = YES;
				CLANG_WARN_DIRECT_OBJC_ISA_USAGE = YES_ERROR;
				CLANG_WARN_DOCUMENTATION_COMMENTS = YES;
				CLANG_WARN_EMPTY_BODY = YES;
				CLANG_WARN_ENUM_CONVERSION = YES;
				CLANG_WARN_INFINITE_RECURSION = YES;
				CLANG_WARN_INT_CONVERSION = YES;
				CLANG_WARN_NON_LITERAL_NULL_CONVERSION = YES;
				CLANG_WARN_OBJC_IMPLICIT_RETAIN_SELF = YES;
				CLANG_WARN_OBJC_LITERAL_CONVERSION = YES;
				CLANG_WARN_OBJC_ROOT_CLASS = YES_ERROR;
				CLANG_WARN_QUOTED_INCLUDE_IN_FRAMEWORK_HEADER = YES;
				CLANG_WARN_RANGE_LOOP_ANALYSIS = YES;
				CLANG_WARN_STRICT_PROTOTYPES = YES;
				CLANG_WARN_SUSPICIOUS_MOVE = YES;
				CLANG_WARN_UNGUARDED_AVAILABILITY = YES_AGGRESSIVE;
				CLANG_WARN_UNREACHABLE_CODE = YES;
				CLANG_WARN__DUPLICATE_METHOD_MATCH = YES;
				COPY_PHASE_STRIP = NO;
				DEBUG_INFORMATION_FORMAT = dwarf;
				ENABLE_STRICT_OBJC_MSGSEND = YES;
				ENABLE_TESTABILITY = YES;
				GCC_C_LANGUAGE_STANDARD = gnu11;
				GCC_DYNAMIC_NO_PIC = NO;
				GCC_NO_COMMON_BLOCKS = YES;
				GCC_OPTIMIZATION_LEVEL = 0;
				GCC_PREPROCESSOR_DEFINITIONS = (
					"DEBUG=1",
					"$(inherited)",
				);
				GCC_WARN_64_TO_32_BIT_CONVERSION = YES;
				GCC_WARN_ABOUT_RETURN_TYPE = YES_ERROR;
				GCC_WARN_UNDECLARED_SELECTOR = YES;
				GCC_WARN_UNINITIALIZED_AUTOS = YES_AGGRESSIVE;
				GCC_WARN_UNUSED_FUNCTION = YES;
				GCC_WARN_UNUSED_VARIABLE = YES;
				MTL_ENABLE_DEBUG_INFO = INCLUDE_SOURCE;
				MTL_FAST_MATH = YES;
				ONLY_ACTIVE_ARCH = YES;
				SWIFT_ACTIVE_COMPILATION_CONDITIONS = DEBUG;
				SWIFT_OPTIMIZATION_LEVEL = "-Onone";
			};
			name = Debug;
		};
		1D6206FC2A232B150034C0A6 /* Release */ = {
			isa = XCBuildConfiguration;
			buildSettings = {
				ALWAYS_SEARCH_USER_PATHS = NO;
				CLANG_ANALYZER_NONNULL = YES;
				CLANG_ANALYZER_NUMBER_OBJECT_CONVERSION = YES_AGGRESSIVE;
				CLANG_CXX_LANGUAGE_STANDARD = "gnu++20";
				CLANG_ENABLE_MODULES = YES;
				CLANG_ENABLE_OBJC_ARC = YES;
				CLANG_ENABLE_OBJC_WEAK = YES;
				CLANG_WARN_BLOCK_CAPTURE_AUTORELEASING = YES;
				CLANG_WARN_BOOL_CONVERSION = YES;
				CLANG_WARN_COMMA = YES;
				CLANG_WARN_CONSTANT_CONVERSION = YES;
				CLANG_WARN_DEPRECATED_OBJC_IMPLEMENTATIONS = YES;
				CLANG_WARN_DIRECT_OBJC_ISA_USAGE = YES_ERROR;
				CLANG_WARN_DOCUMENTATION_COMMENTS = YES;
				CLANG_WARN_EMPTY_BODY = YES;
				CLANG_WARN_ENUM_CONVERSION = YES;
				CLANG_WARN_INFINITE_RECURSION = YES;
				CLANG_WARN_INT_CONVERSION = YES;
				CLANG_WARN_NON_LITERAL_NULL_CONVERSION = YES;
				CLANG_WARN_OBJC_IMPLICIT_RETAIN_SELF = YES;
				CLANG_WARN_OBJC_LITERAL_CONVERSION = YES;
				CLANG_WARN_OBJC_ROOT_CLASS = YES_ERROR;
				CLANG_WARN_QUOTED_INCLUDE_IN_FRAMEWORK_HEADER = YES;
				CLANG_WARN_RANGE_LOOP_ANALYSIS = YES;
				CLANG_WARN_STRICT_PROTOTYPES = YES;
				CLANG_WARN_SUSPICIOUS_MOVE = YES;
				CLANG_WARN_UNGUARDED_AVAILABILITY = YES_AGGRESSIVE;
				CLANG_WARN_UNREACHABLE_CODE = YES;
				CLANG_WARN__DUPLICATE_METHOD_MATCH = YES;
				COPY_PHASE_STRIP = NO;
				DEBUG_INFORMATION_FORMAT = "dwarf-with-dsym";
				ENABLE_NS_ASSERTIONS = NO;
				ENABLE_STRICT_OBJC_MSGSEND = YES;
				GCC_C_LANGUAGE_STANDARD = gnu11;
				GCC_NO_COMMON_BLOCKS = YES;
				GCC_WARN_64_TO_32_BIT_CONVERSION = YES;
				GCC_WARN_ABOUT_RETURN_TYPE = YES_ERROR;
				GCC_WARN_UNDECLARED_SELECTOR = YES;
				GCC_WARN_UNINITIALIZED_AUTOS = YES_AGGRESSIVE;
				GCC_WARN_UNUSED_FUNCTION = YES;
				GCC_WARN_UNUSED_VARIABLE = YES;
				MTL_ENABLE_DEBUG_INFO = NO;
				MTL_FAST_MATH = YES;
				SWIFT_COMPILATION_MODE = wholemodule;
				SWIFT_OPTIMIZATION_LEVEL = "-O";
			};
			name = Release;
		};
		1D6206FE2A232B150034C0A6 /* Debug */ = {
			isa = XCBuildConfiguration;
			buildSettings = {
				ALWAYS_EMBED_SWIFT_STANDARD_LIBRARIES = YES;
				ASSETCATALOG_COMPILER_APPICON_NAME = AppIcon;
				ASSETCATALOG_COMPILER_GLOBAL_ACCENT_COLOR_NAME = AccentColor;
				CODE_SIGN_ENTITLEMENTS = "Mood-Map/Mood_Map.entitlements";
				CODE_SIGN_IDENTITY = "Apple Development";
				CODE_SIGN_STYLE = Automatic;
				CURRENT_PROJECT_VERSION = 1;
				DEVELOPMENT_ASSET_PATHS = "\"Mood-Map/Preview Content\"";
				DEVELOPMENT_TEAM = XU9WC44F8F;
				ENABLE_PREVIEWS = YES;
				GENERATE_INFOPLIST_FILE = YES;
				INFOPLIST_FILE = "Mood-Map/Info.plist";
				"INFOPLIST_KEY_UIApplicationSceneManifest_Generation[sdk=iphoneos*]" = YES;
				"INFOPLIST_KEY_UIApplicationSceneManifest_Generation[sdk=iphonesimulator*]" = YES;
				"INFOPLIST_KEY_UIApplicationSupportsIndirectInputEvents[sdk=iphoneos*]" = YES;
				"INFOPLIST_KEY_UIApplicationSupportsIndirectInputEvents[sdk=iphonesimulator*]" = YES;
				"INFOPLIST_KEY_UILaunchScreen_Generation[sdk=iphoneos*]" = YES;
				"INFOPLIST_KEY_UILaunchScreen_Generation[sdk=iphonesimulator*]" = YES;
				"INFOPLIST_KEY_UIStatusBarStyle[sdk=iphoneos*]" = UIStatusBarStyleDefault;
				"INFOPLIST_KEY_UIStatusBarStyle[sdk=iphonesimulator*]" = UIStatusBarStyleDefault;
				INFOPLIST_KEY_UISupportedInterfaceOrientations_iPad = "UIInterfaceOrientationPortrait UIInterfaceOrientationPortraitUpsideDown UIInterfaceOrientationLandscapeLeft UIInterfaceOrientationLandscapeRight";
				INFOPLIST_KEY_UISupportedInterfaceOrientations_iPhone = "UIInterfaceOrientationPortrait UIInterfaceOrientationLandscapeLeft UIInterfaceOrientationLandscapeRight";
				IPHONEOS_DEPLOYMENT_TARGET = 16.4;
				LD_RUNPATH_SEARCH_PATHS = "@executable_path/Frameworks";
				"LD_RUNPATH_SEARCH_PATHS[sdk=macosx*]" = "@executable_path/../Frameworks";
				MACOSX_DEPLOYMENT_TARGET = 13.3;
				MARKETING_VERSION = 1.0;
				PRODUCT_BUNDLE_IDENTIFIER = "com.irangareddy.Mood-Map";
				PRODUCT_NAME = "$(TARGET_NAME)";
				PROVISIONING_PROFILE_SPECIFIER = "";
				SDKROOT = auto;
				SUPPORTED_PLATFORMS = "iphoneos iphonesimulator macosx";
				SWIFT_EMIT_LOC_STRINGS = YES;
				SWIFT_VERSION = 5.0;
				TARGETED_DEVICE_FAMILY = "1,2";
			};
			name = Debug;
		};
		1D6206FF2A232B150034C0A6 /* Release */ = {
			isa = XCBuildConfiguration;
			buildSettings = {
				ALWAYS_EMBED_SWIFT_STANDARD_LIBRARIES = YES;
				ASSETCATALOG_COMPILER_APPICON_NAME = AppIcon;
				ASSETCATALOG_COMPILER_GLOBAL_ACCENT_COLOR_NAME = AccentColor;
				CODE_SIGN_ENTITLEMENTS = "Mood-Map/Mood_Map.entitlements";
				CODE_SIGN_IDENTITY = "Apple Development";
				CODE_SIGN_STYLE = Automatic;
				CURRENT_PROJECT_VERSION = 1;
				DEVELOPMENT_ASSET_PATHS = "\"Mood-Map/Preview Content\"";
				DEVELOPMENT_TEAM = XU9WC44F8F;
				ENABLE_PREVIEWS = YES;
				GENERATE_INFOPLIST_FILE = YES;
				INFOPLIST_FILE = "Mood-Map/Info.plist";
				"INFOPLIST_KEY_UIApplicationSceneManifest_Generation[sdk=iphoneos*]" = YES;
				"INFOPLIST_KEY_UIApplicationSceneManifest_Generation[sdk=iphonesimulator*]" = YES;
				"INFOPLIST_KEY_UIApplicationSupportsIndirectInputEvents[sdk=iphoneos*]" = YES;
				"INFOPLIST_KEY_UIApplicationSupportsIndirectInputEvents[sdk=iphonesimulator*]" = YES;
				"INFOPLIST_KEY_UILaunchScreen_Generation[sdk=iphoneos*]" = YES;
				"INFOPLIST_KEY_UILaunchScreen_Generation[sdk=iphonesimulator*]" = YES;
				"INFOPLIST_KEY_UIStatusBarStyle[sdk=iphoneos*]" = UIStatusBarStyleDefault;
				"INFOPLIST_KEY_UIStatusBarStyle[sdk=iphonesimulator*]" = UIStatusBarStyleDefault;
				INFOPLIST_KEY_UISupportedInterfaceOrientations_iPad = "UIInterfaceOrientationPortrait UIInterfaceOrientationPortraitUpsideDown UIInterfaceOrientationLandscapeLeft UIInterfaceOrientationLandscapeRight";
				INFOPLIST_KEY_UISupportedInterfaceOrientations_iPhone = "UIInterfaceOrientationPortrait UIInterfaceOrientationLandscapeLeft UIInterfaceOrientationLandscapeRight";
				IPHONEOS_DEPLOYMENT_TARGET = 16.4;
				LD_RUNPATH_SEARCH_PATHS = "@executable_path/Frameworks";
				"LD_RUNPATH_SEARCH_PATHS[sdk=macosx*]" = "@executable_path/../Frameworks";
				MACOSX_DEPLOYMENT_TARGET = 13.3;
				MARKETING_VERSION = 1.0;
				PRODUCT_BUNDLE_IDENTIFIER = "com.irangareddy.Mood-Map";
				PRODUCT_NAME = "$(TARGET_NAME)";
				PROVISIONING_PROFILE_SPECIFIER = "";
				SDKROOT = auto;
				SUPPORTED_PLATFORMS = "iphoneos iphonesimulator macosx";
				SWIFT_EMIT_LOC_STRINGS = YES;
				SWIFT_VERSION = 5.0;
				TARGETED_DEVICE_FAMILY = "1,2";
			};
			name = Release;
		};
		1D6207012A232B150034C0A6 /* Debug */ = {
			isa = XCBuildConfiguration;
			buildSettings = {
				ALWAYS_EMBED_SWIFT_STANDARD_LIBRARIES = YES;
				BUNDLE_LOADER = "$(TEST_HOST)";
				CODE_SIGN_STYLE = Automatic;
				CURRENT_PROJECT_VERSION = 1;
				GENERATE_INFOPLIST_FILE = YES;
				IPHONEOS_DEPLOYMENT_TARGET = 16.4;
				MACOSX_DEPLOYMENT_TARGET = 13.3;
				MARKETING_VERSION = 1.0;
				PRODUCT_BUNDLE_IDENTIFIER = "com.irangareddy.Mood-MapTests";
				PRODUCT_NAME = "$(TARGET_NAME)";
				SDKROOT = auto;
				SUPPORTED_PLATFORMS = "iphoneos iphonesimulator macosx";
				SWIFT_EMIT_LOC_STRINGS = NO;
				SWIFT_VERSION = 5.0;
				TARGETED_DEVICE_FAMILY = "1,2";
				TEST_HOST = "$(BUILT_PRODUCTS_DIR)/Mood-Map.app/$(BUNDLE_EXECUTABLE_FOLDER_PATH)/Mood-Map";
			};
			name = Debug;
		};
		1D6207022A232B150034C0A6 /* Release */ = {
			isa = XCBuildConfiguration;
			buildSettings = {
				ALWAYS_EMBED_SWIFT_STANDARD_LIBRARIES = YES;
				BUNDLE_LOADER = "$(TEST_HOST)";
				CODE_SIGN_STYLE = Automatic;
				CURRENT_PROJECT_VERSION = 1;
				GENERATE_INFOPLIST_FILE = YES;
				IPHONEOS_DEPLOYMENT_TARGET = 16.4;
				MACOSX_DEPLOYMENT_TARGET = 13.3;
				MARKETING_VERSION = 1.0;
				PRODUCT_BUNDLE_IDENTIFIER = "com.irangareddy.Mood-MapTests";
				PRODUCT_NAME = "$(TARGET_NAME)";
				SDKROOT = auto;
				SUPPORTED_PLATFORMS = "iphoneos iphonesimulator macosx";
				SWIFT_EMIT_LOC_STRINGS = NO;
				SWIFT_VERSION = 5.0;
				TARGETED_DEVICE_FAMILY = "1,2";
				TEST_HOST = "$(BUILT_PRODUCTS_DIR)/Mood-Map.app/$(BUNDLE_EXECUTABLE_FOLDER_PATH)/Mood-Map";
			};
			name = Release;
		};
		1D6207042A232B150034C0A6 /* Debug */ = {
			isa = XCBuildConfiguration;
			buildSettings = {
				ALWAYS_EMBED_SWIFT_STANDARD_LIBRARIES = YES;
				CODE_SIGN_STYLE = Automatic;
				CURRENT_PROJECT_VERSION = 1;
				GENERATE_INFOPLIST_FILE = YES;
				IPHONEOS_DEPLOYMENT_TARGET = 16.4;
				MACOSX_DEPLOYMENT_TARGET = 13.3;
				MARKETING_VERSION = 1.0;
				PRODUCT_BUNDLE_IDENTIFIER = "com.irangareddy.Mood-MapUITests";
				PRODUCT_NAME = "$(TARGET_NAME)";
				SDKROOT = auto;
				SUPPORTED_PLATFORMS = "iphoneos iphonesimulator macosx";
				SWIFT_EMIT_LOC_STRINGS = NO;
				SWIFT_VERSION = 5.0;
				TARGETED_DEVICE_FAMILY = "1,2";
				TEST_TARGET_NAME = "Mood-Map";
			};
			name = Debug;
		};
		1D6207052A232B150034C0A6 /* Release */ = {
			isa = XCBuildConfiguration;
			buildSettings = {
				ALWAYS_EMBED_SWIFT_STANDARD_LIBRARIES = YES;
				CODE_SIGN_STYLE = Automatic;
				CURRENT_PROJECT_VERSION = 1;
				GENERATE_INFOPLIST_FILE = YES;
				IPHONEOS_DEPLOYMENT_TARGET = 16.4;
				MACOSX_DEPLOYMENT_TARGET = 13.3;
				MARKETING_VERSION = 1.0;
				PRODUCT_BUNDLE_IDENTIFIER = "com.irangareddy.Mood-MapUITests";
				PRODUCT_NAME = "$(TARGET_NAME)";
				SDKROOT = auto;
				SUPPORTED_PLATFORMS = "iphoneos iphonesimulator macosx";
				SWIFT_EMIT_LOC_STRINGS = NO;
				SWIFT_VERSION = 5.0;
				TARGETED_DEVICE_FAMILY = "1,2";
				TEST_TARGET_NAME = "Mood-Map";
			};
			name = Release;
		};
		1DB7E27E2A3A0F8700EDEF22 /* Debug */ = {
			isa = XCBuildConfiguration;
			buildSettings = {
				ASSETCATALOG_COMPILER_GLOBAL_ACCENT_COLOR_NAME = AccentColor;
				ASSETCATALOG_COMPILER_WIDGET_BACKGROUND_COLOR_NAME = WidgetBackground;
				CODE_SIGN_IDENTITY = "Apple Development";
				CODE_SIGN_STYLE = Automatic;
				CURRENT_PROJECT_VERSION = 1;
				DEVELOPMENT_TEAM = XU9WC44F8F;
				GENERATE_INFOPLIST_FILE = YES;
				INFOPLIST_FILE = MoodMapWidget/Info.plist;
				INFOPLIST_KEY_CFBundleDisplayName = MoodMapWidget;
				INFOPLIST_KEY_NSHumanReadableCopyright = "";
				IPHONEOS_DEPLOYMENT_TARGET = 16.4;
				LD_RUNPATH_SEARCH_PATHS = (
					"$(inherited)",
					"@executable_path/Frameworks",
					"@executable_path/../../Frameworks",
				);
				MARKETING_VERSION = 1.0;
				PRODUCT_BUNDLE_IDENTIFIER = "com.irangareddy.Mood-Map.MoodMapWidget";
				PRODUCT_NAME = "$(TARGET_NAME)";
				SDKROOT = iphoneos;
				SKIP_INSTALL = YES;
				SWIFT_EMIT_LOC_STRINGS = YES;
				SWIFT_VERSION = 5.0;
				TARGETED_DEVICE_FAMILY = "1,2";
			};
			name = Debug;
		};
		1DB7E27F2A3A0F8700EDEF22 /* Release */ = {
			isa = XCBuildConfiguration;
			buildSettings = {
				ASSETCATALOG_COMPILER_GLOBAL_ACCENT_COLOR_NAME = AccentColor;
				ASSETCATALOG_COMPILER_WIDGET_BACKGROUND_COLOR_NAME = WidgetBackground;
				CODE_SIGN_IDENTITY = "Apple Development";
				CODE_SIGN_STYLE = Automatic;
				CURRENT_PROJECT_VERSION = 1;
				DEVELOPMENT_TEAM = XU9WC44F8F;
				GENERATE_INFOPLIST_FILE = YES;
				INFOPLIST_FILE = MoodMapWidget/Info.plist;
				INFOPLIST_KEY_CFBundleDisplayName = MoodMapWidget;
				INFOPLIST_KEY_NSHumanReadableCopyright = "";
				IPHONEOS_DEPLOYMENT_TARGET = 16.4;
				LD_RUNPATH_SEARCH_PATHS = (
					"$(inherited)",
					"@executable_path/Frameworks",
					"@executable_path/../../Frameworks",
				);
				MARKETING_VERSION = 1.0;
				PRODUCT_BUNDLE_IDENTIFIER = "com.irangareddy.Mood-Map.MoodMapWidget";
				PRODUCT_NAME = "$(TARGET_NAME)";
				SDKROOT = iphoneos;
				SKIP_INSTALL = YES;
				SWIFT_EMIT_LOC_STRINGS = YES;
				SWIFT_VERSION = 5.0;
				TARGETED_DEVICE_FAMILY = "1,2";
				VALIDATE_PRODUCT = YES;
			};
			name = Release;
		};
/* End XCBuildConfiguration section */

/* Begin XCConfigurationList section */
		1D6206D32A232B140034C0A6 /* Build configuration list for PBXProject "Mood-Map" */ = {
			isa = XCConfigurationList;
			buildConfigurations = (
				1D6206FB2A232B150034C0A6 /* Debug */,
				1D6206FC2A232B150034C0A6 /* Release */,
			);
			defaultConfigurationIsVisible = 0;
			defaultConfigurationName = Release;
		};
		1D6206FD2A232B150034C0A6 /* Build configuration list for PBXNativeTarget "Mood-Map" */ = {
			isa = XCConfigurationList;
			buildConfigurations = (
				1D6206FE2A232B150034C0A6 /* Debug */,
				1D6206FF2A232B150034C0A6 /* Release */,
			);
			defaultConfigurationIsVisible = 0;
			defaultConfigurationName = Release;
		};
		1D6207002A232B150034C0A6 /* Build configuration list for PBXNativeTarget "Mood-MapTests" */ = {
			isa = XCConfigurationList;
			buildConfigurations = (
				1D6207012A232B150034C0A6 /* Debug */,
				1D6207022A232B150034C0A6 /* Release */,
			);
			defaultConfigurationIsVisible = 0;
			defaultConfigurationName = Release;
		};
		1D6207032A232B150034C0A6 /* Build configuration list for PBXNativeTarget "Mood-MapUITests" */ = {
			isa = XCConfigurationList;
			buildConfigurations = (
				1D6207042A232B150034C0A6 /* Debug */,
				1D6207052A232B150034C0A6 /* Release */,
			);
			defaultConfigurationIsVisible = 0;
			defaultConfigurationName = Release;
		};
		1DB7E27D2A3A0F8700EDEF22 /* Build configuration list for PBXNativeTarget "MoodMapWidgetExtension" */ = {
			isa = XCConfigurationList;
			buildConfigurations = (
				1DB7E27E2A3A0F8700EDEF22 /* Debug */,
				1DB7E27F2A3A0F8700EDEF22 /* Release */,
			);
			defaultConfigurationIsVisible = 0;
			defaultConfigurationName = Release;
		};
/* End XCConfigurationList section */

/* Begin XCRemoteSwiftPackageReference section */
		1DDF115C2A36349400A6B49E /* XCRemoteSwiftPackageReference "sdk-for-apple" */ = {
			isa = XCRemoteSwiftPackageReference;
			repositoryURL = "https://github.com/appwrite/sdk-for-apple";
			requirement = {
				kind = upToNextMajorVersion;
				minimumVersion = 2.0.0;
			};
		};
		1DF0B4A82A2B29D10031CB48 /* XCRemoteSwiftPackageReference "lottie-ios" */ = {
			isa = XCRemoteSwiftPackageReference;
			repositoryURL = "https://github.com/airbnb/lottie-ios";
			requirement = {
				kind = upToNextMajorVersion;
				minimumVersion = 4.0.0;
			};
		};
/* End XCRemoteSwiftPackageReference section */

/* Begin XCSwiftPackageProductDependency section */
		1DA7C07F2A24CB7F00A50A5F /* MoodMapKit */ = {
			isa = XCSwiftPackageProductDependency;
			productName = MoodMapKit;
		};
		1DDF115D2A36349400A6B49E /* Appwrite */ = {
			isa = XCSwiftPackageProductDependency;
			package = 1DDF115C2A36349400A6B49E /* XCRemoteSwiftPackageReference "sdk-for-apple" */;
			productName = Appwrite;
		};
		1DF0B4A92A2B29D10031CB48 /* Lottie */ = {
			isa = XCSwiftPackageProductDependency;
			package = 1DF0B4A82A2B29D10031CB48 /* XCRemoteSwiftPackageReference "lottie-ios" */;
			productName = Lottie;
		};
/* End XCSwiftPackageProductDependency section */
	};
	rootObject = 1D6206D02A232B140034C0A6 /* Project object */;
}
